// !$*UTF8*$!
{
	archiveVersion = 1;
	classes = {
	};
	objectVersion = 50;
	objects = {

/* Begin PBXContainerItemProxy section */
		601D0CE42486869D0021D420 /* PBXContainerItemProxy */ = {
			isa = PBXContainerItemProxy;
			containerPortal = 601D0CC52486869D0021D420 /* Project object */;
			proxyType = 1;
			remoteGlobalIDString = 601D0CCC2486869D0021D420;
			remoteInfo = SwiftAdvPaygrounds;
		};
/* End PBXContainerItemProxy section */

/* Begin PBXFileReference section */
		601D0CCD2486869D0021D420 /* SwiftAdvPaygrounds.app */ = {isa = PBXFileReference; explicitFileType = wrapper.application; includeInIndex = 0; path = SwiftAdvPaygrounds.app; sourceTree = BUILT_PRODUCTS_DIR; };
		601D0CE32486869D0021D420 /* SwiftAdvPaygroundsTests.xctest */ = {isa = PBXFileReference; explicitFileType = wrapper.cfbundle; includeInIndex = 0; path = SwiftAdvPaygroundsTests.xctest; sourceTree = BUILT_PRODUCTS_DIR; };
		601D0CF3248686C30021D420 /* SwiftAdvanceCh1.playground */ = {isa = PBXFileReference; lastKnownFileType = file.playground; name = SwiftAdvanceCh1.playground; path = ../../../SwiftAdvanceCh1.playground; sourceTree = "<group>"; };
		601D0CF4248686C30021D420 /* SwiftAdvanceCh2.playground */ = {isa = PBXFileReference; lastKnownFileType = file.playground; name = SwiftAdvanceCh2.playground; path = ../../../SwiftAdvanceCh2.playground; sourceTree = "<group>"; };
/* End PBXFileReference section */

/* Begin PBXFrameworksBuildPhase section */
		601D0CCA2486869D0021D420 /* Frameworks */ = {
			isa = PBXFrameworksBuildPhase;
			buildActionMask = 2147483647;
			files = (
			);
			runOnlyForDeploymentPostprocessing = 0;
		};
		601D0CE02486869D0021D420 /* Frameworks */ = {
			isa = PBXFrameworksBuildPhase;
			buildActionMask = 2147483647;
			files = (
			);
			runOnlyForDeploymentPostprocessing = 0;
		};
/* End PBXFrameworksBuildPhase section */

/* Begin PBXGroup section */
		601D0CC42486869D0021D420 = {
			isa = PBXGroup;
			children = (
				601D0CCF2486869D0021D420 /* SwiftAdvPaygrounds */,
				601D0CCE2486869D0021D420 /* Products */,
			);
			sourceTree = "<group>";
		};
		601D0CCE2486869D0021D420 /* Products */ = {
			isa = PBXGroup;
			children = (
				601D0CCD2486869D0021D420 /* SwiftAdvPaygrounds.app */,
				601D0CE32486869D0021D420 /* SwiftAdvPaygroundsTests.xctest */,
			);
			name = Products;
			sourceTree = "<group>";
		};
		601D0CCF2486869D0021D420 /* SwiftAdvPaygrounds */ = {
			isa = PBXGroup;
			children = (
				601D0CF2248686A40021D420 /* PlaygroundGroup */,
			);
			path = SwiftAdvPaygrounds;
			sourceTree = "<group>";
		};
		601D0CF2248686A40021D420 /* PlaygroundGroup */ = {
			isa = PBXGroup;
			children = (
				601D0CF3248686C30021D420 /* SwiftAdvanceCh1.playground */,
				601D0CF4248686C30021D420 /* SwiftAdvanceCh2.playground */,
			);
			path = PlaygroundGroup;
			sourceTree = "<group>";
		};
/* End PBXGroup section */

/* Begin PBXNativeTarget section */
		601D0CCC2486869D0021D420 /* SwiftAdvPaygrounds */ = {
			isa = PBXNativeTarget;
			buildConfigurationList = 601D0CEC2486869D0021D420 /* Build configuration list for PBXNativeTarget "SwiftAdvPaygrounds" */;
			buildPhases = (
				601D0CC92486869D0021D420 /* Sources */,
				601D0CCA2486869D0021D420 /* Frameworks */,
				601D0CCB2486869D0021D420 /* Resources */,
			);
			buildRules = (
			);
			dependencies = (
			);
			name = SwiftAdvPaygrounds;
			productName = SwiftAdvPaygrounds;
			productReference = 601D0CCD2486869D0021D420 /* SwiftAdvPaygrounds.app */;
			productType = "com.apple.product-type.application";
		};
		601D0CE22486869D0021D420 /* SwiftAdvPaygroundsTests */ = {
			isa = PBXNativeTarget;
			buildConfigurationList = 601D0CEF2486869D0021D420 /* Build configuration list for PBXNativeTarget "SwiftAdvPaygroundsTests" */;
			buildPhases = (
				601D0CDF2486869D0021D420 /* Sources */,
				601D0CE02486869D0021D420 /* Frameworks */,
				601D0CE12486869D0021D420 /* Resources */,
			);
			buildRules = (
			);
			dependencies = (
				601D0CE52486869D0021D420 /* PBXTargetDependency */,
			);
			name = SwiftAdvPaygroundsTests;
			productName = SwiftAdvPaygroundsTests;
			productReference = 601D0CE32486869D0021D420 /* SwiftAdvPaygroundsTests.xctest */;
			productType = "com.apple.product-type.bundle.unit-test";
		};
/* End PBXNativeTarget section */

/* Begin PBXProject section */
		601D0CC52486869D0021D420 /* Project object */ = {
			isa = PBXProject;
			attributes = {
				LastSwiftUpdateCheck = 1150;
				LastUpgradeCheck = 1150;
				ORGANIZATIONNAME = "Ashish Singh";
				TargetAttributes = {
					601D0CCC2486869D0021D420 = {
						CreatedOnToolsVersion = 11.5;
					};
					601D0CE22486869D0021D420 = {
						CreatedOnToolsVersion = 11.5;
						TestTargetID = 601D0CCC2486869D0021D420;
					};
				};
			};
			buildConfigurationList = 601D0CC82486869D0021D420 /* Build configuration list for PBXProject "SwiftAdvPaygrounds" */;
			compatibilityVersion = "Xcode 9.3";
			developmentRegion = en;
			hasScannedForEncodings = 0;
			knownRegions = (
				en,
				Base,
			);
			mainGroup = 601D0CC42486869D0021D420;
			productRefGroup = 601D0CCE2486869D0021D420 /* Products */;
			projectDirPath = "";
			projectRoot = "";
			targets = (
				601D0CCC2486869D0021D420 /* SwiftAdvPaygrounds */,
				601D0CE22486869D0021D420 /* SwiftAdvPaygroundsTests */,
			);
		};
/* End PBXProject section */

/* Begin PBXResourcesBuildPhase section */
		601D0CCB2486869D0021D420 /* Resources */ = {
			isa = PBXResourcesBuildPhase;
			buildActionMask = 2147483647;
			files = (
			);
			runOnlyForDeploymentPostprocessing = 0;
		};
		601D0CE12486869D0021D420 /* Resources */ = {
			isa = PBXResourcesBuildPhase;
			buildActionMask = 2147483647;
			files = (
			);
			runOnlyForDeploymentPostprocessing = 0;
		};
/* End PBXResourcesBuildPhase section */

/* Begin PBXSourcesBuildPhase section */
		601D0CC92486869D0021D420 /* Sources */ = {
			isa = PBXSourcesBuildPhase;
			buildActionMask = 2147483647;
			files = (
			);
			runOnlyForDeploymentPostprocessing = 0;
		};
		601D0CDF2486869D0021D420 /* Sources */ = {
			isa = PBXSourcesBuildPhase;
			buildActionMask = 2147483647;
			files = (
			);
			runOnlyForDeploymentPostprocessing = 0;
		};
/* End PBXSourcesBuildPhase section */

/* Begin PBXTargetDependency section */
		601D0CE52486869D0021D420 /* PBXTargetDependency */ = {
			isa = PBXTargetDependency;
			target = 601D0CCC2486869D0021D420 /* SwiftAdvPaygrounds */;
			targetProxy = 601D0CE42486869D0021D420 /* PBXContainerItemProxy */;
		};
/* End PBXTargetDependency section */

/* Begin XCBuildConfiguration section */
		601D0CEA2486869D0021D420 /* Debug */ = {
			isa = XCBuildConfiguration;
			buildSettings = {
				ALWAYS_SEARCH_USER_PATHS = NO;
				CLANG_ANALYZER_NONNULL = YES;
				CLANG_ANALYZER_NUMBER_OBJECT_CONVERSION = YES_AGGRESSIVE;
				CLANG_CXX_LANGUAGE_STANDARD = "gnu++14";
				CLANG_CXX_LIBRARY = "libc++";
				CLANG_ENABLE_MODULES = YES;
				CLANG_ENABLE_OBJC_ARC = YES;
				CLANG_ENABLE_OBJC_WEAK = YES;
				CLANG_WARN_BLOCK_CAPTURE_AUTORELEASING = YES;
				CLANG_WARN_BOOL_CONVERSION = YES;
				CLANG_WARN_COMMA = YES;
				CLANG_WARN_CONSTANT_CONVERSION = YES;
				CLANG_WARN_DEPRECATED_OBJC_IMPLEMENTATIONS = YES;
				CLANG_WARN_DIRECT_OBJC_ISA_USAGE = YES_ERROR;
				CLANG_WARN_DOCUMENTATION_COMMENTS = YES;
				CLANG_WARN_EMPTY_BODY = YES;
				CLANG_WARN_ENUM_CONVERSION = YES;
				CLANG_WARN_INFINITE_RECURSION = YES;
				CLANG_WARN_INT_CONVERSION = YES;
				CLANG_WARN_NON_LITERAL_NULL_CONVERSION = YES;
				CLANG_WARN_OBJC_IMPLICIT_RETAIN_SELF = YES;
				CLANG_WARN_OBJC_LITERAL_CONVERSION = YES;
				CLANG_WARN_OBJC_ROOT_CLASS = YES_ERROR;
				CLANG_WARN_RANGE_LOOP_ANALYSIS = YES;
				CLANG_WARN_STRICT_PROTOTYPES = YES;
				CLANG_WARN_SUSPICIOUS_MOVE = YES;
				CLANG_WARN_UNGUARDED_AVAILABILITY = YES_AGGRESSIVE;
				CLANG_WARN_UNREACHABLE_CODE = YES;
				CLANG_WARN__DUPLICATE_METHOD_MATCH = YES;
				COPY_PHASE_STRIP = NO;
				DEBUG_INFORMATION_FORMAT = dwarf;
				ENABLE_STRICT_OBJC_MSGSEND = YES;
				ENABLE_TESTABILITY = YES;
				GCC_C_LANGUAGE_STANDARD = gnu11;
				GCC_DYNAMIC_NO_PIC = NO;
				GCC_NO_COMMON_BLOCKS = YES;
				GCC_OPTIMIZATION_LEVEL = 0;
				GCC_PREPROCESSOR_DEFINITIONS = (
					"DEBUG=1",
					"$(inherited)",
				);
				GCC_WARN_64_TO_32_BIT_CONVERSION = YES;
				GCC_WARN_ABOUT_RETURN_TYPE = YES_ERROR;
				GCC_WARN_UNDECLARED_SELECTOR = YES;
				GCC_WARN_UNINITIALIZED_AUTOS = YES_AGGRESSIVE;
				GCC_WARN_UNUSED_FUNCTION = YES;
				GCC_WARN_UNUSED_VARIABLE = YES;
				IPHONEOS_DEPLOYMENT_TARGET = 13.5;
				MTL_ENABLE_DEBUG_INFO = INCLUDE_SOURCE;
				MTL_FAST_MATH = YES;
				ONLY_ACTIVE_ARCH = YES;
				SDKROOT = iphoneos;
				SWIFT_ACTIVE_COMPILATION_CONDITIONS = DEBUG;
				SWIFT_OPTIMIZATION_LEVEL = "-Onone";
			};
			name = Debug;
		};
		601D0CEB2486869D0021D420 /* Release */ = {
			isa = XCBuildConfiguration;
			buildSettings = {
				ALWAYS_SEARCH_USER_PATHS = NO;
				CLANG_ANALYZER_NONNULL = YES;
				CLANG_ANALYZER_NUMBER_OBJECT_CONVERSION = YES_AGGRESSIVE;
				CLANG_CXX_LANGUAGE_STANDARD = "gnu++14";
				CLANG_CXX_LIBRARY = "libc++";
				CLANG_ENABLE_MODULES = YES;
				CLANG_ENABLE_OBJC_ARC = YES;
				CLANG_ENABLE_OBJC_WEAK = YES;
				CLANG_WARN_BLOCK_CAPTURE_AUTORELEASING = YES;
				CLANG_WARN_BOOL_CONVERSION = YES;
				CLANG_WARN_COMMA = YES;
				CLANG_WARN_CONSTANT_CONVERSION = YES;
				CLANG_WARN_DEPRECATED_OBJC_IMPLEMENTATIONS = YES;
				CLANG_WARN_DIRECT_OBJC_ISA_USAGE = YES_ERROR;
				CLANG_WARN_DOCUMENTATION_COMMENTS = YES;
				CLANG_WARN_EMPTY_BODY = YES;
				CLANG_WARN_ENUM_CONVERSION = YES;
				CLANG_WARN_INFINITE_RECURSION = YES;
				CLANG_WARN_INT_CONVERSION = YES;
				CLANG_WARN_NON_LITERAL_NULL_CONVERSION = YES;
				CLANG_WARN_OBJC_IMPLICIT_RETAIN_SELF = YES;
				CLANG_WARN_OBJC_LITERAL_CONVERSION = YES;
				CLANG_WARN_OBJC_ROOT_CLASS = YES_ERROR;
				CLANG_WARN_RANGE_LOOP_ANALYSIS = YES;
				CLANG_WARN_STRICT_PROTOTYPES = YES;
				CLANG_WARN_SUSPICIOUS_MOVE = YES;
				CLANG_WARN_UNGUARDED_AVAILABILITY = YES_AGGRESSIVE;
				CLANG_WARN_UNREACHABLE_CODE = YES;
				CLANG_WARN__DUPLICATE_METHOD_MATCH = YES;
				COPY_PHASE_STRIP = NO;
				DEBUG_INFORMATION_FORMAT = "dwarf-with-dsym";
				ENABLE_NS_ASSERTIONS = NO;
				ENABLE_STRICT_OBJC_MSGSEND = YES;
				GCC_C_LANGUAGE_STANDARD = gnu11;
				GCC_NO_COMMON_BLOCKS = YES;
				GCC_WARN_64_TO_32_BIT_CONVERSION = YES;
				GCC_WARN_ABOUT_RETURN_TYPE = YES_ERROR;
				GCC_WARN_UNDECLARED_SELECTOR = YES;
				GCC_WARN_UNINITIALIZED_AUTOS = YES_AGGRESSIVE;
				GCC_WARN_UNUSED_FUNCTION = YES;
				GCC_WARN_UNUSED_VARIABLE = YES;
				IPHONEOS_DEPLOYMENT_TARGET = 13.5;
				MTL_ENABLE_DEBUG_INFO = NO;
				MTL_FAST_MATH = YES;
				SDKROOT = iphoneos;
				SWIFT_COMPILATION_MODE = wholemodule;
				SWIFT_OPTIMIZATION_LEVEL = "-O";
				VALIDATE_PRODUCT = YES;
			};
			name = Release;
		};
		601D0CED2486869D0021D420 /* Debug */ = {
			isa = XCBuildConfiguration;
			buildSettings = {
				ASSETCATALOG_COMPILER_APPICON_NAME = AppIcon;
				CODE_SIGN_STYLE = Automatic;
				DEVELOPMENT_TEAM = 5G8S2PMCG8;
				INFOPLIST_FILE = SwiftAdvPaygrounds/Info.plist;
				LD_RUNPATH_SEARCH_PATHS = (
					"$(inherited)",
					"@executable_path/Frameworks",
				);
				PRODUCT_BUNDLE_IDENTIFIER = com.Ashishsingh.SwiftAdvPaygrounds;
				PRODUCT_NAME = "$(TARGET_NAME)";
				SWIFT_VERSION = 5.0;
				TARGETED_DEVICE_FAMILY = "1,2";
			};
			name = Debug;
		};
		601D0CEE2486869D0021D420 /* Release */ = {
			isa = XCBuildConfiguration;
			buildSettings = {
				ASSETCATALOG_COMPILER_APPICON_NAME = AppIcon;
				CODE_SIGN_STYLE = Automatic;
				DEVELOPMENT_TEAM = 5G8S2PMCG8;
				INFOPLIST_FILE = SwiftAdvPaygrounds/Info.plist;
				LD_RUNPATH_SEARCH_PATHS = (
					"$(inherited)",
					"@executable_path/Frameworks",
				);
				PRODUCT_BUNDLE_IDENTIFIER = com.Ashishsingh.SwiftAdvPaygrounds;
				PRODUCT_NAME = "$(TARGET_NAME)";
				SWIFT_VERSION = 5.0;
				TARGETED_DEVICE_FAMILY = "1,2";
			};
			name = Release;
		};
		601D0CF02486869D0021D420 /* Debug */ = {
			isa = XCBuildConfiguration;
			buildSettings = {
				BUNDLE_LOADER = "$(TEST_HOST)";
				CODE_SIGN_STYLE = Automatic;
				DEVELOPMENT_TEAM = 5G8S2PMCG8;
				INFOPLIST_FILE = SwiftAdvPaygroundsTests/Info.plist;
				IPHONEOS_DEPLOYMENT_TARGET = 13.5;
				LD_RUNPATH_SEARCH_PATHS = (
					"$(inherited)",
					"@executable_path/Frameworks",
					"@loader_path/Frameworks",
				);
				PRODUCT_BUNDLE_IDENTIFIER = com.Ashishsingh.SwiftAdvPaygroundsTests;
				PRODUCT_NAME = "$(TARGET_NAME)";
				SWIFT_VERSION = 5.0;
				TARGETED_DEVICE_FAMILY = "1,2";
				TEST_HOST = "$(BUILT_PRODUCTS_DIR)/SwiftAdvPaygrounds.app/SwiftAdvPaygrounds";
			};
			name = Debug;
		};
		601D0CF12486869D0021D420 /* Release */ = {
			isa = XCBuildConfiguration;
			buildSettings = {
				BUNDLE_LOADER = "$(TEST_HOST)";
				CODE_SIGN_STYLE = Automatic;
				DEVELOPMENT_TEAM = 5G8S2PMCG8;
				INFOPLIST_FILE = SwiftAdvPaygroundsTests/Info.plist;
				IPHONEOS_DEPLOYMENT_TARGET = 13.5;
				LD_RUNPATH_SEARCH_PATHS = (
					"$(inherited)",
					"@executable_path/Frameworks",
					"@loader_path/Frameworks",
				);
				PRODUCT_BUNDLE_IDENTIFIER = com.Ashishsingh.SwiftAdvPaygroundsTests;
				PRODUCT_NAME = "$(TARGET_NAME)";
				SWIFT_VERSION = 5.0;
				TARGETED_DEVICE_FAMILY = "1,2";
				TEST_HOST = "$(BUILT_PRODUCTS_DIR)/SwiftAdvPaygrounds.app/SwiftAdvPaygrounds";
			};
			name = Release;
		};
/* End XCBuildConfiguration section */

/* Begin XCConfigurationList section */
		601D0CC82486869D0021D420 /* Build configuration list for PBXProject "SwiftAdvPaygrounds" */ = {
			isa = XCConfigurationList;
			buildConfigurations = (
				601D0CEA2486869D0021D420 /* Debug */,
				601D0CEB2486869D0021D420 /* Release */,
			);
			defaultConfigurationIsVisible = 0;
			defaultConfigurationName = Release;
		};
		601D0CEC2486869D0021D420 /* Build configuration list for PBXNativeTarget "SwiftAdvPaygrounds" */ = {
			isa = XCConfigurationList;
			buildConfigurations = (
				601D0CED2486869D0021D420 /* Debug */,
				601D0CEE2486869D0021D420 /* Release */,
			);
			defaultConfigurationIsVisible = 0;
			defaultConfigurationName = Release;
		};
		601D0CEF2486869D0021D420 /* Build configuration list for PBXNativeTarget "SwiftAdvPaygroundsTests" */ = {
			isa = XCConfigurationList;
			buildConfigurations = (
				601D0CF02486869D0021D420 /* Debug */,
				601D0CF12486869D0021D420 /* Release */,
			);
			defaultConfigurationIsVisible = 0;
			defaultConfigurationName = Release;
		};
/* End XCConfigurationList section */
	};
	rootObject = 601D0CC52486869D0021D420 /* Project object */;
}
